
Microsoft Visual Studio Solution File, Format Version 12.00
# Visual Studio 15
VisualStudioVersion = 15.0.28010.2041
MinimumVisualStudioVersion = 10.0.40219.1
Project("{FAE04EC0-301F-11D3-BF4B-00C04F79EFBC}") = "ConsoleApp50", "ConsoleApp50\ConsoleApp50.csproj", "{11313B36-9849-4511-8431-74A332DC7C07}"
EndProject
Global
	GlobalSection(SolutionConfigurationPlatforms) = preSolution
		Debug|Any CPU = Debug|Any CPU
		Release|Any CPU = Release|Any CPU
	EndGlobalSection
	GlobalSection(ProjectConfigurationPlatforms) = postSolution
		{11313B36-9849-4511-8431-74A332DC7C07}.Debug|Any CPU.ActiveCfg = Debug|Any CPU
		{11313B36-9849-4511-8431-74A332DC7C07}.Debug|Any CPU.Build.0 = Debug|Any CPU
		{11313B36-9849-4511-8431-74A332DC7C07}.Release|Any CPU.ActiveCfg = Release|Any CPU
		{11313B36-9849-4511-8431-74A332DC7C07}.Release|Any CPU.Build.0 = Release|Any CPU
	EndGlobalSection
	GlobalSection(SolutionProperties) = preSolution
		HideSolutionNode = FALSE
	EndGlobalSection
	GlobalSection(ExtensibilityGlobals) = postSolution
		SolutionGuid = {E684C5C9-1420-4286-8511-78219AB9A983}
	EndGlobalSection
EndGlobal
